Microsoft Visual Studio Solution File, Format Version 11.00
# Visual Studio 2008

Project("{27B236BA-3BB1-6600-4D70-369ABBD71EF9}") = "osc-receiver", "Assembly-CSharp-firstpass-vs.csproj", "{317E1FF6-37C1-11DE-AB84-F0012557FCA4}"
EndProject
Project("{27B236BA-3BB1-6600-4D70-369ABBD71EF9}") = "osc-receiver", "Assembly-CSharp-vs.csproj", "{530F9D84-F469-3F4A-EC37-F51A675B376E}"
EndProject
Global
	GlobalSection(SolutionConfigurationPlatforms) = preSolution
		Debug|Any CPU = Debug|Any CPU
		Release|Any CPU = Release|Any CPU
	EndGlobalSection
	GlobalSection(ProjectConfigurationPlatforms) = postSolution
		{317E1FF6-37C1-11DE-AB84-F0012557FCA4}.Debug|Any CPU.ActiveCfg = Debug|Any CPU
		{317E1FF6-37C1-11DE-AB84-F0012557FCA4}.Debug|Any CPU.Build.0 = Debug|Any CPU
		{317E1FF6-37C1-11DE-AB84-F0012557FCA4}.Release|Any CPU.ActiveCfg = Release|Any CPU
		{317E1FF6-37C1-11DE-AB84-F0012557FCA4}.Release|Any CPU.Build.0 = Release|Any CPU
		{530F9D84-F469-3F4A-EC37-F51A675B376E}.Debug|Any CPU.ActiveCfg = Debug|Any CPU
		{530F9D84-F469-3F4A-EC37-F51A675B376E}.Debug|Any CPU.Build.0 = Debug|Any CPU
		{530F9D84-F469-3F4A-EC37-F51A675B376E}.Release|Any CPU.ActiveCfg = Release|Any CPU
		{530F9D84-F469-3F4A-EC37-F51A675B376E}.Release|Any CPU.Build.0 = Release|Any CPU
	EndGlobalSection
	GlobalSection(SolutionProperties) = preSolution
		HideSolutionNode = FALSE
	EndGlobalSection
			GlobalSection(MonoDevelopProperties) = preSolution
		StartupItem = Assembly-CSharp.csproj
		Policies = $0
		$0.TextStylePolicy = $1
		$1.inheritsSet = null
		$1.scope = text/x-csharp
		$0.CSharpFormattingPolicy = $2
		$2.inheritsSet = Mono
		$2.inheritsScope = text/x-csharp
		$2.scope = text/x-csharp
		$0.TextStylePolicy = $3
		$3.FileWidth = 120
		$3.TabWidth = 4
		$3.EolMarker = Unix
		$3.inheritsSet = Mono
		$3.inheritsScope = text/plain
		$3.scope = text/plain
	EndGlobalSection

EndGlobal
