Microsoft Visual Studio Solution File, Format Version 11.00
# Visual Studio 2008

Project("{D176C33D-8965-E2DC-A378-77FE0674BB04}") = "unity-osc-receiver", "Assembly-CSharp-firstpass-vs.csproj", "{B1B08270-CF4D-36EE-C40C-EDAF8E4FECAF}"
EndProject
Project("{D176C33D-8965-E2DC-A378-77FE0674BB04}") = "unity-osc-receiver", "Assembly-CSharp-vs.csproj", "{2B891004-2CFC-2487-CC44-93062E5EBF61}"
EndProject
Global
	GlobalSection(SolutionConfigurationPlatforms) = preSolution
		Debug|Any CPU = Debug|Any CPU
		Release|Any CPU = Release|Any CPU
	EndGlobalSection
	GlobalSection(ProjectConfigurationPlatforms) = postSolution
		{B1B08270-CF4D-36EE-C40C-EDAF8E4FECAF}.Debug|Any CPU.ActiveCfg = Debug|Any CPU
		{B1B08270-CF4D-36EE-C40C-EDAF8E4FECAF}.Debug|Any CPU.Build.0 = Debug|Any CPU
		{B1B08270-CF4D-36EE-C40C-EDAF8E4FECAF}.Release|Any CPU.ActiveCfg = Release|Any CPU
		{B1B08270-CF4D-36EE-C40C-EDAF8E4FECAF}.Release|Any CPU.Build.0 = Release|Any CPU
		{2B891004-2CFC-2487-CC44-93062E5EBF61}.Debug|Any CPU.ActiveCfg = Debug|Any CPU
		{2B891004-2CFC-2487-CC44-93062E5EBF61}.Debug|Any CPU.Build.0 = Debug|Any CPU
		{2B891004-2CFC-2487-CC44-93062E5EBF61}.Release|Any CPU.ActiveCfg = Release|Any CPU
		{2B891004-2CFC-2487-CC44-93062E5EBF61}.Release|Any CPU.Build.0 = Release|Any CPU
	EndGlobalSection
	GlobalSection(SolutionProperties) = preSolution
		HideSolutionNode = FALSE
	EndGlobalSection
							GlobalSection(MonoDevelopProperties) = preSolution
		StartupItem = Assembly-CSharp.csproj
		Policies = $0
		$0.TextStylePolicy = $1
		$1.inheritsSet = null
		$1.scope = text/x-csharp
		$0.CSharpFormattingPolicy = $2
		$2.inheritsSet = Mono
		$2.inheritsScope = text/x-csharp
		$2.scope = text/x-csharp
		$0.TextStylePolicy = $3
		$3.FileWidth = 120
		$3.TabWidth = 4
		$3.IndentWidth = 4
		$3.EolMarker = Unix
		$3.inheritsSet = Mono
		$3.inheritsScope = text/plain
		$3.scope = text/plain
	EndGlobalSection

EndGlobal
